
Microsoft Visual Studio Solution File, Format Version 12.00
Project("{FAE04EC0-301F-11D3-BF4B-00C04F79EFBC}") = "Show", "Show.csproj", "{6EC840FF-599D-4F8D-BA7D-3BB671CBB278}"
EndProject
Global
	GlobalSection(SolutionConfigurationPlatforms) = preSolution
		Debug|Any CPU = Debug|Any CPU
		Release|Any CPU = Release|Any CPU
	EndGlobalSection
	GlobalSection(ProjectConfigurationPlatforms) = postSolution
		{6EC840FF-599D-4F8D-BA7D-3BB671CBB278}.Debug|Any CPU.ActiveCfg = Debug|Any CPU
		{6EC840FF-599D-4F8D-BA7D-3BB671CBB278}.Debug|Any CPU.Build.0 = Debug|Any CPU
		{6EC840FF-599D-4F8D-BA7D-3BB671CBB278}.Release|Any CPU.ActiveCfg = Release|Any CPU
		{6EC840FF-599D-4F8D-BA7D-3BB671CBB278}.Release|Any CPU.Build.0 = Release|Any CPU
	EndGlobalSection
EndGlobal
